
Microsoft Visual Studio Solution File, Format Version 12.00
# Visual Studio Express 2012 for Windows Desktop
Project("{8BC9CEB8-8B4A-11D0-8D11-00A0C91BC942}") = "Flock", "Flock.vcxproj", "{CCA0AFA9-5EC5-4355-9E95-14A0EF1283B3}"
EndProject
Global
	GlobalSection(SolutionConfigurationPlatforms) = preSolution
		Debug|Win32 = Debug|Win32
		Release|Win32 = Release|Win32
	EndGlobalSection
	GlobalSection(ProjectConfigurationPlatforms) = postSolution
		{CCA0AFA9-5EC5-4355-9E95-14A0EF1283B3}.Debug|Win32.ActiveCfg = Debug|Win32
		{CCA0AFA9-5EC5-4355-9E95-14A0EF1283B3}.Debug|Win32.Build.0 = Debug|Win32
		{CCA0AFA9-5EC5-4355-9E95-14A0EF1283B3}.Release|Win32.ActiveCfg = Release|Win32
		{CCA0AFA9-5EC5-4355-9E95-14A0EF1283B3}.Release|Win32.Build.0 = Release|Win32
	EndGlobalSection
	GlobalSection(SolutionProperties) = preSolution
		HideSolutionNode = FALSE
	EndGlobalSection
EndGlobal
